
Microsoft Visual Studio Solution File, Format Version 12.00
# Visual Studio Version 17
VisualStudioVersion = 17.7.34221.43
MinimumVisualStudioVersion = 10.0.40219.1
Project("{2150E333-8FDC-42A3-9474-1A3956D46DE8}") = "Src", "Src", "{9693097E-5446-4D33-B980-83D1C80F80D3}"
EndProject
Project("{2150E333-8FDC-42A3-9474-1A3956D46DE8}") = "Api", "Api", "{058A5016-EBAF-4FFC-A88A-F477D960B4BB}"
EndProject
Project("{2150E333-8FDC-42A3-9474-1A3956D46DE8}") = "Core", "Core", "{FCD11D9F-5835-47A7-B629-AA483FCC0B25}"
EndProject
Project("{2150E333-8FDC-42A3-9474-1A3956D46DE8}") = "Infrastructure", "Infrastructure", "{E74018AF-9CAB-47A9-B4E8-003295942974}"
EndProject
Project("{2150E333-8FDC-42A3-9474-1A3956D46DE8}") = "UI", "UI", "{80368378-F2ED-441B-8FD3-35245F803F7D}"
EndProject
Project("{2150E333-8FDC-42A3-9474-1A3956D46DE8}") = "Test", "Test", "{BA2A157C-1ABF-4DF7-A0B5-FD4A71C9B510}"
EndProject
Project("{FAE04EC0-301F-11D3-BF4B-00C04F79EFBC}") = "HR.LeaveManagement.API", "HR.LeaveManagement.API\HR.LeaveManagement.API.csproj", "{FA06E487-AAE3-4F50-9A4C-E245E6A753C7}"
EndProject
Project("{FAE04EC0-301F-11D3-BF4B-00C04F79EFBC}") = "HR.LeaveManagement.Application", "HR.LeaveManagement.Application\HR.LeaveManagement.Application.csproj", "{737BDF30-DE3B-433F-9EDE-55554DCB898B}"
EndProject
Project("{FAE04EC0-301F-11D3-BF4B-00C04F79EFBC}") = "HR.LeaveManagement.Domain", "HR.LeaveManagement.Domain\HR.LeaveManagement.Domain.csproj", "{F239B92A-2E00-4EDD-92BC-F66D7DC44304}"
EndProject
Project("{FAE04EC0-301F-11D3-BF4B-00C04F79EFBC}") = "HR.LeaveManagement.Identity", "HR.LeaveManagement.Identity\HR.LeaveManagement.Identity.csproj", "{71C35965-CE42-466E-9CD4-CC6E52A9FA50}"
EndProject
Project("{FAE04EC0-301F-11D3-BF4B-00C04F79EFBC}") = "HR.LeaveManagement.Persistence", "HR.LeaveManagement.Persistence\HR.LeaveManagement.Persistence.csproj", "{65E26A98-56F7-427E-A945-220356E27831}"
EndProject
Project("{FAE04EC0-301F-11D3-BF4B-00C04F79EFBC}") = "HR.LeaveManagement.Infrastructure", "HR.LeaveManagement.Infrastructure\HR.LeaveManagement.Infrastructure.csproj", "{BEC0523D-CF36-44EE-B9C7-A3A3642DCA69}"
EndProject
Project("{FAE04EC0-301F-11D3-BF4B-00C04F79EFBC}") = "HR.LeaveManagement.MVC", "HR.LeaveManagement.MVC\HR.LeaveManagement.MVC.csproj", "{9BF20B33-8C3A-4A22-8A7B-C54D2F48E70B}"
EndProject
Global
	GlobalSection(SolutionConfigurationPlatforms) = preSolution
		Debug|Any CPU = Debug|Any CPU
		Release|Any CPU = Release|Any CPU
	EndGlobalSection
	GlobalSection(ProjectConfigurationPlatforms) = postSolution
		{FA06E487-AAE3-4F50-9A4C-E245E6A753C7}.Debug|Any CPU.ActiveCfg = Debug|Any CPU
		{FA06E487-AAE3-4F50-9A4C-E245E6A753C7}.Debug|Any CPU.Build.0 = Debug|Any CPU
		{FA06E487-AAE3-4F50-9A4C-E245E6A753C7}.Release|Any CPU.ActiveCfg = Release|Any CPU
		{FA06E487-AAE3-4F50-9A4C-E245E6A753C7}.Release|Any CPU.Build.0 = Release|Any CPU
		{737BDF30-DE3B-433F-9EDE-55554DCB898B}.Debug|Any CPU.ActiveCfg = Debug|Any CPU
		{737BDF30-DE3B-433F-9EDE-55554DCB898B}.Debug|Any CPU.Build.0 = Debug|Any CPU
		{737BDF30-DE3B-433F-9EDE-55554DCB898B}.Release|Any CPU.ActiveCfg = Release|Any CPU
		{737BDF30-DE3B-433F-9EDE-55554DCB898B}.Release|Any CPU.Build.0 = Release|Any CPU
		{F239B92A-2E00-4EDD-92BC-F66D7DC44304}.Debug|Any CPU.ActiveCfg = Debug|Any CPU
		{F239B92A-2E00-4EDD-92BC-F66D7DC44304}.Debug|Any CPU.Build.0 = Debug|Any CPU
		{F239B92A-2E00-4EDD-92BC-F66D7DC44304}.Release|Any CPU.ActiveCfg = Release|Any CPU
		{F239B92A-2E00-4EDD-92BC-F66D7DC44304}.Release|Any CPU.Build.0 = Release|Any CPU
		{71C35965-CE42-466E-9CD4-CC6E52A9FA50}.Debug|Any CPU.ActiveCfg = Debug|Any CPU
		{71C35965-CE42-466E-9CD4-CC6E52A9FA50}.Debug|Any CPU.Build.0 = Debug|Any CPU
		{71C35965-CE42-466E-9CD4-CC6E52A9FA50}.Release|Any CPU.ActiveCfg = Release|Any CPU
		{71C35965-CE42-466E-9CD4-CC6E52A9FA50}.Release|Any CPU.Build.0 = Release|Any CPU
		{65E26A98-56F7-427E-A945-220356E27831}.Debug|Any CPU.ActiveCfg = Debug|Any CPU
		{65E26A98-56F7-427E-A945-220356E27831}.Debug|Any CPU.Build.0 = Debug|Any CPU
		{65E26A98-56F7-427E-A945-220356E27831}.Release|Any CPU.ActiveCfg = Release|Any CPU
		{65E26A98-56F7-427E-A945-220356E27831}.Release|Any CPU.Build.0 = Release|Any CPU
		{BEC0523D-CF36-44EE-B9C7-A3A3642DCA69}.Debug|Any CPU.ActiveCfg = Debug|Any CPU
		{BEC0523D-CF36-44EE-B9C7-A3A3642DCA69}.Debug|Any CPU.Build.0 = Debug|Any CPU
		{BEC0523D-CF36-44EE-B9C7-A3A3642DCA69}.Release|Any CPU.ActiveCfg = Release|Any CPU
		{BEC0523D-CF36-44EE-B9C7-A3A3642DCA69}.Release|Any CPU.Build.0 = Release|Any CPU
		{9BF20B33-8C3A-4A22-8A7B-C54D2F48E70B}.Debug|Any CPU.ActiveCfg = Debug|Any CPU
		{9BF20B33-8C3A-4A22-8A7B-C54D2F48E70B}.Debug|Any CPU.Build.0 = Debug|Any CPU
		{9BF20B33-8C3A-4A22-8A7B-C54D2F48E70B}.Release|Any CPU.ActiveCfg = Release|Any CPU
		{9BF20B33-8C3A-4A22-8A7B-C54D2F48E70B}.Release|Any CPU.Build.0 = Release|Any CPU
	EndGlobalSection
	GlobalSection(SolutionProperties) = preSolution
		HideSolutionNode = FALSE
	EndGlobalSection
	GlobalSection(NestedProjects) = preSolution
		{058A5016-EBAF-4FFC-A88A-F477D960B4BB} = {9693097E-5446-4D33-B980-83D1C80F80D3}
		{FCD11D9F-5835-47A7-B629-AA483FCC0B25} = {9693097E-5446-4D33-B980-83D1C80F80D3}
		{E74018AF-9CAB-47A9-B4E8-003295942974} = {9693097E-5446-4D33-B980-83D1C80F80D3}
		{80368378-F2ED-441B-8FD3-35245F803F7D} = {9693097E-5446-4D33-B980-83D1C80F80D3}
		{FA06E487-AAE3-4F50-9A4C-E245E6A753C7} = {058A5016-EBAF-4FFC-A88A-F477D960B4BB}
		{737BDF30-DE3B-433F-9EDE-55554DCB898B} = {FCD11D9F-5835-47A7-B629-AA483FCC0B25}
		{F239B92A-2E00-4EDD-92BC-F66D7DC44304} = {FCD11D9F-5835-47A7-B629-AA483FCC0B25}
		{71C35965-CE42-466E-9CD4-CC6E52A9FA50} = {E74018AF-9CAB-47A9-B4E8-003295942974}
		{65E26A98-56F7-427E-A945-220356E27831} = {E74018AF-9CAB-47A9-B4E8-003295942974}
		{BEC0523D-CF36-44EE-B9C7-A3A3642DCA69} = {E74018AF-9CAB-47A9-B4E8-003295942974}
		{9BF20B33-8C3A-4A22-8A7B-C54D2F48E70B} = {80368378-F2ED-441B-8FD3-35245F803F7D}
	EndGlobalSection
	GlobalSection(ExtensibilityGlobals) = postSolution
		SolutionGuid = {A5EDF903-7E74-4A51-A57E-6B6682B2A831}
	EndGlobalSection
EndGlobal
